
Microsoft Visual Studio Solution File, Format Version 12.00
# Visual Studio Version 17
VisualStudioVersion = 17.0.32014.148
MinimumVisualStudioVersion = 10.0.40219.1
Project("{FAE04EC0-301F-11D3-BF4B-00C04F79EFBC}") = "ConsoleApp4", "ConsoleApp4\ConsoleApp4.csproj", "{2C8F8D7B-153B-4703-8793-2F96D1A11D94}"
EndProject
Global
	GlobalSection(SolutionConfigurationPlatforms) = preSolution
		Debug|Any CPU = Debug|Any CPU
		Release|Any CPU = Release|Any CPU
	EndGlobalSection
	GlobalSection(ProjectConfigurationPlatforms) = postSolution
		{2C8F8D7B-153B-4703-8793-2F96D1A11D94}.Debug|Any CPU.ActiveCfg = Debug|Any CPU
		{2C8F8D7B-153B-4703-8793-2F96D1A11D94}.Debug|Any CPU.Build.0 = Debug|Any CPU
		{2C8F8D7B-153B-4703-8793-2F96D1A11D94}.Release|Any CPU.ActiveCfg = Release|Any CPU
		{2C8F8D7B-153B-4703-8793-2F96D1A11D94}.Release|Any CPU.Build.0 = Release|Any CPU
	EndGlobalSection
	GlobalSection(SolutionProperties) = preSolution
		HideSolutionNode = FALSE
	EndGlobalSection
	GlobalSection(ExtensibilityGlobals) = postSolution
		SolutionGuid = {4221ED1D-CD7C-4340-B407-EF0CF55B454B}
	EndGlobalSection
EndGlobal
